
Microsoft Visual Studio Solution File, Format Version 12.00
# Visual Studio Version 16
VisualStudioVersion = 16.0.30320.27
MinimumVisualStudioVersion = 10.0.40219.1
Project("{FAE04EC0-301F-11D3-BF4B-00C04F79EFBC}") = "TCPTester", "TCPTester.csproj", "{6E260A56-2B13-4C5A-BAAE-5C095EA87753}"
EndProject
Global
	GlobalSection(SolutionConfigurationPlatforms) = preSolution
		Debug|Any CPU = Debug|Any CPU
		Release|Any CPU = Release|Any CPU
	EndGlobalSection
	GlobalSection(ProjectConfigurationPlatforms) = postSolution
		{6E260A56-2B13-4C5A-BAAE-5C095EA87753}.Debug|Any CPU.ActiveCfg = Debug|Any CPU
		{6E260A56-2B13-4C5A-BAAE-5C095EA87753}.Debug|Any CPU.Build.0 = Debug|Any CPU
		{6E260A56-2B13-4C5A-BAAE-5C095EA87753}.Release|Any CPU.ActiveCfg = Release|Any CPU
		{6E260A56-2B13-4C5A-BAAE-5C095EA87753}.Release|Any CPU.Build.0 = Release|Any CPU
	EndGlobalSection
	GlobalSection(SolutionProperties) = preSolution
		HideSolutionNode = FALSE
	EndGlobalSection
	GlobalSection(ExtensibilityGlobals) = postSolution
		SolutionGuid = {69F8F6D4-F253-4C10-B8F9-1B7151C0E838}
	EndGlobalSection
EndGlobal
